
Microsoft Visual Studio Solution File, Format Version 12.00
# Visual Studio Version 17
VisualStudioVersion = 17.3.32819.101
MinimumVisualStudioVersion = 10.0.40219.1
Project("{FAE04EC0-301F-11D3-BF4B-00C04F79EFBC}") = "Traveler", "Traveler\Traveler.csproj", "{08916F4C-CF7E-465D-8DB6-A264AC6A370C}"
EndProject
Global
	GlobalSection(SolutionConfigurationPlatforms) = preSolution
		Debug|Any CPU = Debug|Any CPU
		Release|Any CPU = Release|Any CPU
	EndGlobalSection
	GlobalSection(ProjectConfigurationPlatforms) = postSolution
		{08916F4C-CF7E-465D-8DB6-A264AC6A370C}.Debug|Any CPU.ActiveCfg = Debug|Any CPU
		{08916F4C-CF7E-465D-8DB6-A264AC6A370C}.Debug|Any CPU.Build.0 = Debug|Any CPU
		{08916F4C-CF7E-465D-8DB6-A264AC6A370C}.Release|Any CPU.ActiveCfg = Release|Any CPU
		{08916F4C-CF7E-465D-8DB6-A264AC6A370C}.Release|Any CPU.Build.0 = Release|Any CPU
	EndGlobalSection
	GlobalSection(SolutionProperties) = preSolution
		HideSolutionNode = FALSE
	EndGlobalSection
	GlobalSection(ExtensibilityGlobals) = postSolution
		SolutionGuid = {7545421B-D7EE-484C-A8FF-62B88987BA93}
	EndGlobalSection
EndGlobal
