
Microsoft Visual Studio Solution File, Format Version 12.00
# Visual Studio Version 17
VisualStudioVersion = 17.3.32819.101
MinimumVisualStudioVersion = 10.0.40219.1
Project("{9A19103F-16F7-4668-BE54-9A1E7A4F7556}") = "Traveler", "Traveler\Traveler.csproj", "{08916F4C-CF7E-465D-8DB6-A264AC6A370C}"
EndProject
Project("{9A19103F-16F7-4668-BE54-9A1E7A4F7556}") = "BLL", "BLL\BLL.csproj", "{27144715-186A-429A-B3C5-D88E4539CBCF}"
EndProject
Project("{9A19103F-16F7-4668-BE54-9A1E7A4F7556}") = "DAL", "DAL\DAL.csproj", "{C987CDB2-FC62-4557-94D2-B76571B5CC47}"
EndProject
Project("{FAE04EC0-301F-11D3-BF4B-00C04F79EFBC}") = "Entity", "Entity\Entity.csproj", "{64472E43-B9B2-4D60-8F73-EB37FBDB13BA}"
EndProject
Global
	GlobalSection(SolutionConfigurationPlatforms) = preSolution
		Debug|Any CPU = Debug|Any CPU
		Release|Any CPU = Release|Any CPU
	EndGlobalSection
	GlobalSection(ProjectConfigurationPlatforms) = postSolution
		{08916F4C-CF7E-465D-8DB6-A264AC6A370C}.Debug|Any CPU.ActiveCfg = Debug|Any CPU
		{08916F4C-CF7E-465D-8DB6-A264AC6A370C}.Debug|Any CPU.Build.0 = Debug|Any CPU
		{08916F4C-CF7E-465D-8DB6-A264AC6A370C}.Release|Any CPU.ActiveCfg = Release|Any CPU
		{08916F4C-CF7E-465D-8DB6-A264AC6A370C}.Release|Any CPU.Build.0 = Release|Any CPU
		{27144715-186A-429A-B3C5-D88E4539CBCF}.Debug|Any CPU.ActiveCfg = Debug|Any CPU
		{27144715-186A-429A-B3C5-D88E4539CBCF}.Debug|Any CPU.Build.0 = Debug|Any CPU
		{27144715-186A-429A-B3C5-D88E4539CBCF}.Release|Any CPU.ActiveCfg = Release|Any CPU
		{27144715-186A-429A-B3C5-D88E4539CBCF}.Release|Any CPU.Build.0 = Release|Any CPU
		{C987CDB2-FC62-4557-94D2-B76571B5CC47}.Debug|Any CPU.ActiveCfg = Debug|Any CPU
		{C987CDB2-FC62-4557-94D2-B76571B5CC47}.Debug|Any CPU.Build.0 = Debug|Any CPU
		{C987CDB2-FC62-4557-94D2-B76571B5CC47}.Release|Any CPU.ActiveCfg = Release|Any CPU
		{C987CDB2-FC62-4557-94D2-B76571B5CC47}.Release|Any CPU.Build.0 = Release|Any CPU
		{64472E43-B9B2-4D60-8F73-EB37FBDB13BA}.Debug|Any CPU.ActiveCfg = Debug|Any CPU
		{64472E43-B9B2-4D60-8F73-EB37FBDB13BA}.Debug|Any CPU.Build.0 = Debug|Any CPU
		{64472E43-B9B2-4D60-8F73-EB37FBDB13BA}.Release|Any CPU.ActiveCfg = Release|Any CPU
		{64472E43-B9B2-4D60-8F73-EB37FBDB13BA}.Release|Any CPU.Build.0 = Release|Any CPU
	EndGlobalSection
	GlobalSection(SolutionProperties) = preSolution
		HideSolutionNode = FALSE
	EndGlobalSection
	GlobalSection(ExtensibilityGlobals) = postSolution
		SolutionGuid = {7545421B-D7EE-484C-A8FF-62B88987BA93}
	EndGlobalSection
EndGlobal
